
Microsoft Visual Studio Solution File, Format Version 12.00
# Visual Studio Version 16
VisualStudioVersion = 16.0.31729.503
MinimumVisualStudioVersion = 10.0.40219.1
Project("{FAE04EC0-301F-11D3-BF4B-00C04F79EFBC}") = "HotelBooking", "HotelBooking\HotelBooking.csproj", "{E9107917-6019-4083-993A-8548DE6A713A}"
EndProject
Global
	GlobalSection(SolutionConfigurationPlatforms) = preSolution
		Debug|Any CPU = Debug|Any CPU
		Release|Any CPU = Release|Any CPU
	EndGlobalSection
	GlobalSection(ProjectConfigurationPlatforms) = postSolution
		{E9107917-6019-4083-993A-8548DE6A713A}.Debug|Any CPU.ActiveCfg = Debug|Any CPU
		{E9107917-6019-4083-993A-8548DE6A713A}.Debug|Any CPU.Build.0 = Debug|Any CPU
		{E9107917-6019-4083-993A-8548DE6A713A}.Release|Any CPU.ActiveCfg = Release|Any CPU
		{E9107917-6019-4083-993A-8548DE6A713A}.Release|Any CPU.Build.0 = Release|Any CPU
	EndGlobalSection
	GlobalSection(SolutionProperties) = preSolution
		HideSolutionNode = FALSE
	EndGlobalSection
	GlobalSection(ExtensibilityGlobals) = postSolution
		SolutionGuid = {A6AD9BF8-CFD1-4FFA-8D1E-CA1A16AD057E}
	EndGlobalSection
EndGlobal
